
Microsoft Visual Studio Solution File, Format Version 11.00
# Visual Studio 2010
Project("{FAE04EC0-301F-11D3-BF4B-00C04F79EFBC}") = "JavApi", "JavApi\JavApi.csproj", "{C9FA08E8-9DE4-40C8-A537-8AB7798F3E96}"
EndProject
Project("{2150E333-8FDC-42A3-9474-1A3956D46DE8}") = "Solution Items", "Solution Items", "{9B8D3BEC-1E8C-4D3E-AE4B-8DB4A810FD39}"
	ProjectSection(SolutionItems) = preProject
		Converter.txt = Converter.txt
		COPYING = COPYING
		J.net.html = J.net.html
		J.net1.vsmdi = J.net1.vsmdi
		LICENSE-2.0.txt = LICENSE-2.0.txt
		NOTICE = NOTICE
		NOTICE.GWT = NOTICE.GWT
		NOTICE.Harmony = NOTICE.Harmony
		NOTICE.Kajabity = NOTICE.Kajabity
		NOTICE.LinkedHashMap = NOTICE.LinkedHashMap
		ProjectsForJavApi.txt = ProjectsForJavApi.txt
		README.txt = README.txt
		RELEASES.txt = RELEASES.txt
		THANKS = THANKS
	EndProjectSection
EndProject
Project("{FAE04EC0-301F-11D3-BF4B-00C04F79EFBC}") = "JavApi Mail", "JavApiMail\JavApi Mail.csproj", "{E0D7CB7E-8171-44A3-91AE-408E3D5A4F9C}"
EndProject
Project("{FAE04EC0-301F-11D3-BF4B-00C04F79EFBC}") = "JavApi Commons net (Apache Port)", "JavApi Commons net (Apache Port)\JavApi Commons net (Apache Port).csproj", "{41D48A60-3A2F-4E51-84F3-468C3E0E48F3}"
EndProject
Project("{FAE04EC0-301F-11D3-BF4B-00C04F79EFBC}") = "JavApi Commons Compress (Apache Port)", "JavApi Commons Compress (Apache Port)\JavApi Commons Compress (Apache Port).csproj", "{780F1533-D766-436A-B10B-E8CF50E39B5D}"
EndProject
Project("{FAE04EC0-301F-11D3-BF4B-00C04F79EFBC}") = "JavApi Commons math (Apache Port)", "JavApi Commons math (Apache Port)\JavApi Commons math (Apache Port).csproj", "{04025185-E6C0-4430-AAD3-70C3EB0383AE}"
EndProject
Project("{FAE04EC0-301F-11D3-BF4B-00C04F79EFBC}") = "JavApi jzlib", "JavApi jzlib\JavApi jzlib.csproj", "{8FE28700-D0E8-494D-B66D-EFB35C58F495}"
EndProject
Project("{FAE04EC0-301F-11D3-BF4B-00C04F79EFBC}") = "JavApi Common Logging (Apache Port)", "JavApi Common Logging\JavApi Common Logging (Apache Port).csproj", "{61D00521-4491-4F56-AA6B-8609C833B1C0}"
EndProject
Project("{FAE04EC0-301F-11D3-BF4B-00C04F79EFBC}") = "JavApi Commons collections (Apache Port)", "JavApi Commons collections (Apache Port)\JavApi Commons collections (Apache Port).csproj", "{61AA3892-0CAA-4982-AA7D-7672F82052DE}"
EndProject
Project("{FAE04EC0-301F-11D3-BF4B-00C04F79EFBC}") = "JavApi Samples", "JavApiSamples\JavApi Samples.csproj", "{F8CFEC0E-E72E-43B2-B844-B0488DD4B4FF}"
EndProject
Project("{FAE04EC0-301F-11D3-BF4B-00C04F79EFBC}") = "JavApi BlackJack (GPL blackjackj port)", "JavApi BlackJack (GPL blackjackj port)\JavApi BlackJack (GPL blackjackj port).csproj", "{636170B5-5CB4-4DEA-BF06-478F643103EC}"
EndProject
Project("{6141683F-8A12-4E36-9623-2EB02B2C2303}") = "Setup JavApi with InstallSchield Express", "Setup JavApi with InstallSchield Express\Setup JavApi with InstallSchield Express.isproj", "{823C966E-D7A0-4147-854D-AD9B5C74288D}"
	ProjectSection(ProjectDependencies) = postProject
		{8FE28700-D0E8-494D-B66D-EFB35C58F495} = {8FE28700-D0E8-494D-B66D-EFB35C58F495}
		{F8CFEC0E-E72E-43B2-B844-B0488DD4B4FF} = {F8CFEC0E-E72E-43B2-B844-B0488DD4B4FF}
		{E0D7CB7E-8171-44A3-91AE-408E3D5A4F9C} = {E0D7CB7E-8171-44A3-91AE-408E3D5A4F9C}
		{C9FA08E8-9DE4-40C8-A537-8AB7798F3E96} = {C9FA08E8-9DE4-40C8-A537-8AB7798F3E96}
	EndProjectSection
EndProject
Project("{FAE04EC0-301F-11D3-BF4B-00C04F79EFBC}") = "JavApi Xerces", "JavApi Xerces\JavApi Xerces.csproj", "{E03995F0-2A6F-41BB-80FF-124D3C65E87A}"
EndProject
Project("{FAE04EC0-301F-11D3-BF4B-00C04F79EFBC}") = "JavApi Language Binding (W3C Port)", "JavApi Language Binding (W3C DOM Port)\JavApi Language Binding (W3C Port).csproj", "{4DDB35C5-7E6A-463B-B670-B3C770C394CB}"
EndProject
Project("{FAE04EC0-301F-11D3-BF4B-00C04F79EFBC}") = "JavApi jrpm", "JavApi jrpm\JavApi jrpm.csproj", "{922D2CD4-02E3-4312-BE94-CE26858C0FB9}"
EndProject
Project("{FAE04EC0-301F-11D3-BF4B-00C04F79EFBC}") = "JavApi SevenZip", "JavApi SevenZip\JavApi SevenZip.csproj", "{A75E4375-234F-4F9B-9A30-EFF779FA4DFF}"
EndProject
Project("{FAE04EC0-301F-11D3-BF4B-00C04F79EFBC}") = "JavApi Commons Codec (Apache Port)", "JavApi Commons Codec (Apache Port)\JavApi Commons Codec (Apache Port).csproj", "{C2E3F4CC-E15D-4970-B433-EB712E30071F}"
EndProject
Project("{FAE04EC0-301F-11D3-BF4B-00C04F79EFBC}") = "JavApi Test", "JavApi Test\JavApi Test.csproj", "{AE551004-617F-4A08-A856-8D92A5C448AC}"
EndProject
Project("{FAE04EC0-301F-11D3-BF4B-00C04F79EFBC}") = "JavApi XML Commons External (Apache Port)", "JavApi XML Commons External\JavApi XML Commons External (Apache Port).csproj", "{32530983-CDBB-47FD-A43B-2FC28F5B6D16}"
EndProject
Project("{FAE04EC0-301F-11D3-BF4B-00C04F79EFBC}") = "JavApi icu4j", "JavApi icu4j\JavApi icu4j.csproj", "{0664A92D-1A04-4814-94C6-806982A1B44A}"
EndProject
Project("{FAE04EC0-301F-11D3-BF4B-00C04F79EFBC}") = "JavApi Commons pool (Apache Port)", "JavApi Commons pool (Apache Port)\JavApi Commons pool (Apache Port).csproj", "{35FBC926-E689-404F-B9CC-F0C1260F3AAB}"
EndProject
Project("{FAE04EC0-301F-11D3-BF4B-00C04F79EFBC}") = "JavApi Tomcat", "JavApi Tomcat\JavApi Tomcat.csproj", "{F580095E-281E-4126-9925-C31FB2341EFB}"
EndProject
Project("{FAE04EC0-301F-11D3-BF4B-00C04F79EFBC}") = "JavApi TinySQL", "JavApi TinySQL\JavApi TinySQL.csproj", "{B5B59857-825F-489C-8861-4E42AE73FC81}"
EndProject
Global
	GlobalSection(SharpSetup) = preSolution
		Version = 1.2
	EndGlobalSection
	GlobalSection(TestCaseManagementSettings) = postSolution
		CategoryFile = J.net1.vsmdi
	EndGlobalSection
	GlobalSection(SolutionConfigurationPlatforms) = preSolution
		CD_ROM|Any CPU = CD_ROM|Any CPU
		CD_ROM|Mixed Platforms = CD_ROM|Mixed Platforms
		CD_ROM|x86 = CD_ROM|x86
		Debug|Any CPU = Debug|Any CPU
		Debug|Mixed Platforms = Debug|Mixed Platforms
		Debug|x86 = Debug|x86
		DVD-5|Any CPU = DVD-5|Any CPU
		DVD-5|Mixed Platforms = DVD-5|Mixed Platforms
		DVD-5|x86 = DVD-5|x86
		Release|Any CPU = Release|Any CPU
		Release|Mixed Platforms = Release|Mixed Platforms
		Release|x86 = Release|x86
		SingleImage|Any CPU = SingleImage|Any CPU
		SingleImage|Mixed Platforms = SingleImage|Mixed Platforms
		SingleImage|x86 = SingleImage|x86
	EndGlobalSection
	GlobalSection(ProjectConfigurationPlatforms) = postSolution
		{C9FA08E8-9DE4-40C8-A537-8AB7798F3E96}.CD_ROM|Any CPU.ActiveCfg = Release|Any CPU
		{C9FA08E8-9DE4-40C8-A537-8AB7798F3E96}.CD_ROM|Any CPU.Build.0 = Release|Any CPU
		{C9FA08E8-9DE4-40C8-A537-8AB7798F3E96}.CD_ROM|Mixed Platforms.ActiveCfg = Release|Any CPU
		{C9FA08E8-9DE4-40C8-A537-8AB7798F3E96}.CD_ROM|Mixed Platforms.Build.0 = Release|Any CPU
		{C9FA08E8-9DE4-40C8-A537-8AB7798F3E96}.CD_ROM|x86.ActiveCfg = Release|Any CPU
		{C9FA08E8-9DE4-40C8-A537-8AB7798F3E96}.Debug|Any CPU.ActiveCfg = Debug|Any CPU
		{C9FA08E8-9DE4-40C8-A537-8AB7798F3E96}.Debug|Any CPU.Build.0 = Debug|Any CPU
		{C9FA08E8-9DE4-40C8-A537-8AB7798F3E96}.Debug|Mixed Platforms.ActiveCfg = Debug|Any CPU
		{C9FA08E8-9DE4-40C8-A537-8AB7798F3E96}.Debug|Mixed Platforms.Build.0 = Debug|Any CPU
		{C9FA08E8-9DE4-40C8-A537-8AB7798F3E96}.Debug|x86.ActiveCfg = Debug|Any CPU
		{C9FA08E8-9DE4-40C8-A537-8AB7798F3E96}.DVD-5|Any CPU.ActiveCfg = Debug|Any CPU
		{C9FA08E8-9DE4-40C8-A537-8AB7798F3E96}.DVD-5|Any CPU.Build.0 = Debug|Any CPU
		{C9FA08E8-9DE4-40C8-A537-8AB7798F3E96}.DVD-5|Mixed Platforms.ActiveCfg = Debug|Any CPU
		{C9FA08E8-9DE4-40C8-A537-8AB7798F3E96}.DVD-5|Mixed Platforms.Build.0 = Debug|Any CPU
		{C9FA08E8-9DE4-40C8-A537-8AB7798F3E96}.DVD-5|x86.ActiveCfg = Debug|Any CPU
		{C9FA08E8-9DE4-40C8-A537-8AB7798F3E96}.Release|Any CPU.ActiveCfg = Release|Any CPU
		{C9FA08E8-9DE4-40C8-A537-8AB7798F3E96}.Release|Any CPU.Build.0 = Release|Any CPU
		{C9FA08E8-9DE4-40C8-A537-8AB7798F3E96}.Release|Mixed Platforms.ActiveCfg = Release|Any CPU
		{C9FA08E8-9DE4-40C8-A537-8AB7798F3E96}.Release|Mixed Platforms.Build.0 = Release|Any CPU
		{C9FA08E8-9DE4-40C8-A537-8AB7798F3E96}.Release|x86.ActiveCfg = Release|Any CPU
		{C9FA08E8-9DE4-40C8-A537-8AB7798F3E96}.SingleImage|Any CPU.ActiveCfg = Release|Any CPU
		{C9FA08E8-9DE4-40C8-A537-8AB7798F3E96}.SingleImage|Any CPU.Build.0 = Release|Any CPU
		{C9FA08E8-9DE4-40C8-A537-8AB7798F3E96}.SingleImage|Mixed Platforms.ActiveCfg = Release|Any CPU
		{C9FA08E8-9DE4-40C8-A537-8AB7798F3E96}.SingleImage|Mixed Platforms.Build.0 = Release|Any CPU
		{C9FA08E8-9DE4-40C8-A537-8AB7798F3E96}.SingleImage|x86.ActiveCfg = Release|Any CPU
		{E0D7CB7E-8171-44A3-91AE-408E3D5A4F9C}.CD_ROM|Any CPU.ActiveCfg = Release|Any CPU
		{E0D7CB7E-8171-44A3-91AE-408E3D5A4F9C}.CD_ROM|Any CPU.Build.0 = Release|Any CPU
		{E0D7CB7E-8171-44A3-91AE-408E3D5A4F9C}.CD_ROM|Mixed Platforms.ActiveCfg = Release|Any CPU
		{E0D7CB7E-8171-44A3-91AE-408E3D5A4F9C}.CD_ROM|Mixed Platforms.Build.0 = Release|Any CPU
		{E0D7CB7E-8171-44A3-91AE-408E3D5A4F9C}.CD_ROM|x86.ActiveCfg = Release|Any CPU
		{E0D7CB7E-8171-44A3-91AE-408E3D5A4F9C}.Debug|Any CPU.ActiveCfg = Debug|Any CPU
		{E0D7CB7E-8171-44A3-91AE-408E3D5A4F9C}.Debug|Any CPU.Build.0 = Debug|Any CPU
		{E0D7CB7E-8171-44A3-91AE-408E3D5A4F9C}.Debug|Mixed Platforms.ActiveCfg = Debug|Any CPU
		{E0D7CB7E-8171-44A3-91AE-408E3D5A4F9C}.Debug|Mixed Platforms.Build.0 = Debug|Any CPU
		{E0D7CB7E-8171-44A3-91AE-408E3D5A4F9C}.Debug|x86.ActiveCfg = Debug|Any CPU
		{E0D7CB7E-8171-44A3-91AE-408E3D5A4F9C}.DVD-5|Any CPU.ActiveCfg = Debug|Any CPU
		{E0D7CB7E-8171-44A3-91AE-408E3D5A4F9C}.DVD-5|Any CPU.Build.0 = Debug|Any CPU
		{E0D7CB7E-8171-44A3-91AE-408E3D5A4F9C}.DVD-5|Mixed Platforms.ActiveCfg = Debug|Any CPU
		{E0D7CB7E-8171-44A3-91AE-408E3D5A4F9C}.DVD-5|Mixed Platforms.Build.0 = Debug|Any CPU
		{E0D7CB7E-8171-44A3-91AE-408E3D5A4F9C}.DVD-5|x86.ActiveCfg = Debug|Any CPU
		{E0D7CB7E-8171-44A3-91AE-408E3D5A4F9C}.Release|Any CPU.ActiveCfg = Release|Any CPU
		{E0D7CB7E-8171-44A3-91AE-408E3D5A4F9C}.Release|Any CPU.Build.0 = Release|Any CPU
		{E0D7CB7E-8171-44A3-91AE-408E3D5A4F9C}.Release|Mixed Platforms.ActiveCfg = Release|Any CPU
		{E0D7CB7E-8171-44A3-91AE-408E3D5A4F9C}.Release|Mixed Platforms.Build.0 = Release|Any CPU
		{E0D7CB7E-8171-44A3-91AE-408E3D5A4F9C}.Release|x86.ActiveCfg = Release|Any CPU
		{E0D7CB7E-8171-44A3-91AE-408E3D5A4F9C}.SingleImage|Any CPU.ActiveCfg = Release|Any CPU
		{E0D7CB7E-8171-44A3-91AE-408E3D5A4F9C}.SingleImage|Any CPU.Build.0 = Release|Any CPU
		{E0D7CB7E-8171-44A3-91AE-408E3D5A4F9C}.SingleImage|Mixed Platforms.ActiveCfg = Release|Any CPU
		{E0D7CB7E-8171-44A3-91AE-408E3D5A4F9C}.SingleImage|Mixed Platforms.Build.0 = Release|Any CPU
		{E0D7CB7E-8171-44A3-91AE-408E3D5A4F9C}.SingleImage|x86.ActiveCfg = Release|Any CPU
		{41D48A60-3A2F-4E51-84F3-468C3E0E48F3}.CD_ROM|Any CPU.ActiveCfg = Release|Any CPU
		{41D48A60-3A2F-4E51-84F3-468C3E0E48F3}.CD_ROM|Mixed Platforms.ActiveCfg = Release|Any CPU
		{41D48A60-3A2F-4E51-84F3-468C3E0E48F3}.CD_ROM|x86.ActiveCfg = Release|Any CPU
		{41D48A60-3A2F-4E51-84F3-468C3E0E48F3}.Debug|Any CPU.ActiveCfg = Debug|Any CPU
		{41D48A60-3A2F-4E51-84F3-468C3E0E48F3}.Debug|Any CPU.Build.0 = Debug|Any CPU
		{41D48A60-3A2F-4E51-84F3-468C3E0E48F3}.Debug|Mixed Platforms.ActiveCfg = Debug|Any CPU
		{41D48A60-3A2F-4E51-84F3-468C3E0E48F3}.Debug|Mixed Platforms.Build.0 = Debug|Any CPU
		{41D48A60-3A2F-4E51-84F3-468C3E0E48F3}.Debug|x86.ActiveCfg = Debug|Any CPU
		{41D48A60-3A2F-4E51-84F3-468C3E0E48F3}.DVD-5|Any CPU.ActiveCfg = Debug|Any CPU
		{41D48A60-3A2F-4E51-84F3-468C3E0E48F3}.DVD-5|Mixed Platforms.ActiveCfg = Debug|Any CPU
		{41D48A60-3A2F-4E51-84F3-468C3E0E48F3}.DVD-5|x86.ActiveCfg = Debug|Any CPU
		{41D48A60-3A2F-4E51-84F3-468C3E0E48F3}.Release|Any CPU.ActiveCfg = Release|Any CPU
		{41D48A60-3A2F-4E51-84F3-468C3E0E48F3}.Release|Any CPU.Build.0 = Release|Any CPU
		{41D48A60-3A2F-4E51-84F3-468C3E0E48F3}.Release|Mixed Platforms.ActiveCfg = Release|Any CPU
		{41D48A60-3A2F-4E51-84F3-468C3E0E48F3}.Release|Mixed Platforms.Build.0 = Release|Any CPU
		{41D48A60-3A2F-4E51-84F3-468C3E0E48F3}.Release|x86.ActiveCfg = Release|Any CPU
		{41D48A60-3A2F-4E51-84F3-468C3E0E48F3}.SingleImage|Any CPU.ActiveCfg = Release|Any CPU
		{41D48A60-3A2F-4E51-84F3-468C3E0E48F3}.SingleImage|Mixed Platforms.ActiveCfg = Release|Any CPU
		{41D48A60-3A2F-4E51-84F3-468C3E0E48F3}.SingleImage|x86.ActiveCfg = Release|Any CPU
		{780F1533-D766-436A-B10B-E8CF50E39B5D}.CD_ROM|Any CPU.ActiveCfg = Release|Any CPU
		{780F1533-D766-436A-B10B-E8CF50E39B5D}.CD_ROM|Mixed Platforms.ActiveCfg = Release|Any CPU
		{780F1533-D766-436A-B10B-E8CF50E39B5D}.CD_ROM|x86.ActiveCfg = Release|Any CPU
		{780F1533-D766-436A-B10B-E8CF50E39B5D}.Debug|Any CPU.ActiveCfg = Debug|Any CPU
		{780F1533-D766-436A-B10B-E8CF50E39B5D}.Debug|Any CPU.Build.0 = Debug|Any CPU
		{780F1533-D766-436A-B10B-E8CF50E39B5D}.Debug|Mixed Platforms.ActiveCfg = Debug|Any CPU
		{780F1533-D766-436A-B10B-E8CF50E39B5D}.Debug|Mixed Platforms.Build.0 = Debug|Any CPU
		{780F1533-D766-436A-B10B-E8CF50E39B5D}.Debug|x86.ActiveCfg = Debug|Any CPU
		{780F1533-D766-436A-B10B-E8CF50E39B5D}.DVD-5|Any CPU.ActiveCfg = Debug|Any CPU
		{780F1533-D766-436A-B10B-E8CF50E39B5D}.DVD-5|Mixed Platforms.ActiveCfg = Debug|Any CPU
		{780F1533-D766-436A-B10B-E8CF50E39B5D}.DVD-5|x86.ActiveCfg = Debug|Any CPU
		{780F1533-D766-436A-B10B-E8CF50E39B5D}.Release|Any CPU.ActiveCfg = Release|Any CPU
		{780F1533-D766-436A-B10B-E8CF50E39B5D}.Release|Any CPU.Build.0 = Release|Any CPU
		{780F1533-D766-436A-B10B-E8CF50E39B5D}.Release|Mixed Platforms.ActiveCfg = Release|Any CPU
		{780F1533-D766-436A-B10B-E8CF50E39B5D}.Release|Mixed Platforms.Build.0 = Release|Any CPU
		{780F1533-D766-436A-B10B-E8CF50E39B5D}.Release|x86.ActiveCfg = Release|Any CPU
		{780F1533-D766-436A-B10B-E8CF50E39B5D}.SingleImage|Any CPU.ActiveCfg = Release|Any CPU
		{780F1533-D766-436A-B10B-E8CF50E39B5D}.SingleImage|Mixed Platforms.ActiveCfg = Release|Any CPU
		{780F1533-D766-436A-B10B-E8CF50E39B5D}.SingleImage|x86.ActiveCfg = Release|Any CPU
		{04025185-E6C0-4430-AAD3-70C3EB0383AE}.CD_ROM|Any CPU.ActiveCfg = Release|Any CPU
		{04025185-E6C0-4430-AAD3-70C3EB0383AE}.CD_ROM|Mixed Platforms.ActiveCfg = Release|Any CPU
		{04025185-E6C0-4430-AAD3-70C3EB0383AE}.CD_ROM|x86.ActiveCfg = Release|Any CPU
		{04025185-E6C0-4430-AAD3-70C3EB0383AE}.Debug|Any CPU.ActiveCfg = Debug|Any CPU
		{04025185-E6C0-4430-AAD3-70C3EB0383AE}.Debug|Any CPU.Build.0 = Debug|Any CPU
		{04025185-E6C0-4430-AAD3-70C3EB0383AE}.Debug|Mixed Platforms.ActiveCfg = Debug|Any CPU
		{04025185-E6C0-4430-AAD3-70C3EB0383AE}.Debug|Mixed Platforms.Build.0 = Debug|Any CPU
		{04025185-E6C0-4430-AAD3-70C3EB0383AE}.Debug|x86.ActiveCfg = Debug|Any CPU
		{04025185-E6C0-4430-AAD3-70C3EB0383AE}.DVD-5|Any CPU.ActiveCfg = Debug|Any CPU
		{04025185-E6C0-4430-AAD3-70C3EB0383AE}.DVD-5|Mixed Platforms.ActiveCfg = Debug|Any CPU
		{04025185-E6C0-4430-AAD3-70C3EB0383AE}.DVD-5|x86.ActiveCfg = Debug|Any CPU
		{04025185-E6C0-4430-AAD3-70C3EB0383AE}.Release|Any CPU.ActiveCfg = Release|Any CPU
		{04025185-E6C0-4430-AAD3-70C3EB0383AE}.Release|Any CPU.Build.0 = Release|Any CPU
		{04025185-E6C0-4430-AAD3-70C3EB0383AE}.Release|Mixed Platforms.ActiveCfg = Release|Any CPU
		{04025185-E6C0-4430-AAD3-70C3EB0383AE}.Release|Mixed Platforms.Build.0 = Release|Any CPU
		{04025185-E6C0-4430-AAD3-70C3EB0383AE}.Release|x86.ActiveCfg = Release|Any CPU
		{04025185-E6C0-4430-AAD3-70C3EB0383AE}.SingleImage|Any CPU.ActiveCfg = Release|Any CPU
		{04025185-E6C0-4430-AAD3-70C3EB0383AE}.SingleImage|Mixed Platforms.ActiveCfg = Release|Any CPU
		{04025185-E6C0-4430-AAD3-70C3EB0383AE}.SingleImage|x86.ActiveCfg = Release|Any CPU
		{8FE28700-D0E8-494D-B66D-EFB35C58F495}.CD_ROM|Any CPU.ActiveCfg = Release|Any CPU
		{8FE28700-D0E8-494D-B66D-EFB35C58F495}.CD_ROM|Any CPU.Build.0 = Release|Any CPU
		{8FE28700-D0E8-494D-B66D-EFB35C58F495}.CD_ROM|Mixed Platforms.ActiveCfg = Release|Any CPU
		{8FE28700-D0E8-494D-B66D-EFB35C58F495}.CD_ROM|Mixed Platforms.Build.0 = Release|Any CPU
		{8FE28700-D0E8-494D-B66D-EFB35C58F495}.CD_ROM|x86.ActiveCfg = Release|Any CPU
		{8FE28700-D0E8-494D-B66D-EFB35C58F495}.Debug|Any CPU.ActiveCfg = Debug|Any CPU
		{8FE28700-D0E8-494D-B66D-EFB35C58F495}.Debug|Any CPU.Build.0 = Debug|Any CPU
		{8FE28700-D0E8-494D-B66D-EFB35C58F495}.Debug|Mixed Platforms.ActiveCfg = Debug|Any CPU
		{8FE28700-D0E8-494D-B66D-EFB35C58F495}.Debug|Mixed Platforms.Build.0 = Debug|Any CPU
		{8FE28700-D0E8-494D-B66D-EFB35C58F495}.Debug|x86.ActiveCfg = Debug|Any CPU
		{8FE28700-D0E8-494D-B66D-EFB35C58F495}.DVD-5|Any CPU.ActiveCfg = Debug|Any CPU
		{8FE28700-D0E8-494D-B66D-EFB35C58F495}.DVD-5|Any CPU.Build.0 = Debug|Any CPU
		{8FE28700-D0E8-494D-B66D-EFB35C58F495}.DVD-5|Mixed Platforms.ActiveCfg = Debug|Any CPU
		{8FE28700-D0E8-494D-B66D-EFB35C58F495}.DVD-5|Mixed Platforms.Build.0 = Debug|Any CPU
		{8FE28700-D0E8-494D-B66D-EFB35C58F495}.DVD-5|x86.ActiveCfg = Debug|Any CPU
		{8FE28700-D0E8-494D-B66D-EFB35C58F495}.Release|Any CPU.ActiveCfg = Release|Any CPU
		{8FE28700-D0E8-494D-B66D-EFB35C58F495}.Release|Any CPU.Build.0 = Release|Any CPU
		{8FE28700-D0E8-494D-B66D-EFB35C58F495}.Release|Mixed Platforms.ActiveCfg = Release|Any CPU
		{8FE28700-D0E8-494D-B66D-EFB35C58F495}.Release|Mixed Platforms.Build.0 = Release|Any CPU
		{8FE28700-D0E8-494D-B66D-EFB35C58F495}.Release|x86.ActiveCfg = Release|Any CPU
		{8FE28700-D0E8-494D-B66D-EFB35C58F495}.SingleImage|Any CPU.ActiveCfg = Release|Any CPU
		{8FE28700-D0E8-494D-B66D-EFB35C58F495}.SingleImage|Any CPU.Build.0 = Release|Any CPU
		{8FE28700-D0E8-494D-B66D-EFB35C58F495}.SingleImage|Mixed Platforms.ActiveCfg = Release|Any CPU
		{8FE28700-D0E8-494D-B66D-EFB35C58F495}.SingleImage|Mixed Platforms.Build.0 = Release|Any CPU
		{8FE28700-D0E8-494D-B66D-EFB35C58F495}.SingleImage|x86.ActiveCfg = Release|Any CPU
		{61D00521-4491-4F56-AA6B-8609C833B1C0}.CD_ROM|Any CPU.ActiveCfg = Release|Any CPU
		{61D00521-4491-4F56-AA6B-8609C833B1C0}.CD_ROM|Mixed Platforms.ActiveCfg = Release|Any CPU
		{61D00521-4491-4F56-AA6B-8609C833B1C0}.CD_ROM|x86.ActiveCfg = Release|Any CPU
		{61D00521-4491-4F56-AA6B-8609C833B1C0}.Debug|Any CPU.ActiveCfg = Debug|Any CPU
		{61D00521-4491-4F56-AA6B-8609C833B1C0}.Debug|Any CPU.Build.0 = Debug|Any CPU
		{61D00521-4491-4F56-AA6B-8609C833B1C0}.Debug|Mixed Platforms.ActiveCfg = Debug|Any CPU
		{61D00521-4491-4F56-AA6B-8609C833B1C0}.Debug|Mixed Platforms.Build.0 = Debug|Any CPU
		{61D00521-4491-4F56-AA6B-8609C833B1C0}.Debug|x86.ActiveCfg = Debug|Any CPU
		{61D00521-4491-4F56-AA6B-8609C833B1C0}.DVD-5|Any CPU.ActiveCfg = Debug|Any CPU
		{61D00521-4491-4F56-AA6B-8609C833B1C0}.DVD-5|Mixed Platforms.ActiveCfg = Debug|Any CPU
		{61D00521-4491-4F56-AA6B-8609C833B1C0}.DVD-5|x86.ActiveCfg = Debug|Any CPU
		{61D00521-4491-4F56-AA6B-8609C833B1C0}.Release|Any CPU.ActiveCfg = Release|Any CPU
		{61D00521-4491-4F56-AA6B-8609C833B1C0}.Release|Any CPU.Build.0 = Release|Any CPU
		{61D00521-4491-4F56-AA6B-8609C833B1C0}.Release|Mixed Platforms.ActiveCfg = Release|Any CPU
		{61D00521-4491-4F56-AA6B-8609C833B1C0}.Release|Mixed Platforms.Build.0 = Release|Any CPU
		{61D00521-4491-4F56-AA6B-8609C833B1C0}.Release|x86.ActiveCfg = Release|Any CPU
		{61D00521-4491-4F56-AA6B-8609C833B1C0}.SingleImage|Any CPU.ActiveCfg = Release|Any CPU
		{61D00521-4491-4F56-AA6B-8609C833B1C0}.SingleImage|Mixed Platforms.ActiveCfg = Release|Any CPU
		{61D00521-4491-4F56-AA6B-8609C833B1C0}.SingleImage|x86.ActiveCfg = Release|Any CPU
		{61AA3892-0CAA-4982-AA7D-7672F82052DE}.CD_ROM|Any CPU.ActiveCfg = Release|Any CPU
		{61AA3892-0CAA-4982-AA7D-7672F82052DE}.CD_ROM|Any CPU.Build.0 = Release|Any CPU
		{61AA3892-0CAA-4982-AA7D-7672F82052DE}.CD_ROM|Mixed Platforms.ActiveCfg = Release|Any CPU
		{61AA3892-0CAA-4982-AA7D-7672F82052DE}.CD_ROM|Mixed Platforms.Build.0 = Release|Any CPU
		{61AA3892-0CAA-4982-AA7D-7672F82052DE}.CD_ROM|x86.ActiveCfg = Release|Any CPU
		{61AA3892-0CAA-4982-AA7D-7672F82052DE}.Debug|Any CPU.ActiveCfg = Debug|Any CPU
		{61AA3892-0CAA-4982-AA7D-7672F82052DE}.Debug|Any CPU.Build.0 = Debug|Any CPU
		{61AA3892-0CAA-4982-AA7D-7672F82052DE}.Debug|Mixed Platforms.ActiveCfg = Debug|Any CPU
		{61AA3892-0CAA-4982-AA7D-7672F82052DE}.Debug|Mixed Platforms.Build.0 = Debug|Any CPU
		{61AA3892-0CAA-4982-AA7D-7672F82052DE}.Debug|x86.ActiveCfg = Debug|Any CPU
		{61AA3892-0CAA-4982-AA7D-7672F82052DE}.DVD-5|Any CPU.ActiveCfg = Debug|Any CPU
		{61AA3892-0CAA-4982-AA7D-7672F82052DE}.DVD-5|Any CPU.Build.0 = Debug|Any CPU
		{61AA3892-0CAA-4982-AA7D-7672F82052DE}.DVD-5|Mixed Platforms.ActiveCfg = Debug|Any CPU
		{61AA3892-0CAA-4982-AA7D-7672F82052DE}.DVD-5|Mixed Platforms.Build.0 = Debug|Any CPU
		{61AA3892-0CAA-4982-AA7D-7672F82052DE}.DVD-5|x86.ActiveCfg = Debug|Any CPU
		{61AA3892-0CAA-4982-AA7D-7672F82052DE}.Release|Any CPU.ActiveCfg = Release|Any CPU
		{61AA3892-0CAA-4982-AA7D-7672F82052DE}.Release|Any CPU.Build.0 = Release|Any CPU
		{61AA3892-0CAA-4982-AA7D-7672F82052DE}.Release|Mixed Platforms.ActiveCfg = Release|Any CPU
		{61AA3892-0CAA-4982-AA7D-7672F82052DE}.Release|Mixed Platforms.Build.0 = Release|Any CPU
		{61AA3892-0CAA-4982-AA7D-7672F82052DE}.Release|x86.ActiveCfg = Release|Any CPU
		{61AA3892-0CAA-4982-AA7D-7672F82052DE}.SingleImage|Any CPU.ActiveCfg = Release|Any CPU
		{61AA3892-0CAA-4982-AA7D-7672F82052DE}.SingleImage|Any CPU.Build.0 = Release|Any CPU
		{61AA3892-0CAA-4982-AA7D-7672F82052DE}.SingleImage|Mixed Platforms.ActiveCfg = Release|Any CPU
		{61AA3892-0CAA-4982-AA7D-7672F82052DE}.SingleImage|Mixed Platforms.Build.0 = Release|Any CPU
		{61AA3892-0CAA-4982-AA7D-7672F82052DE}.SingleImage|x86.ActiveCfg = Release|Any CPU
		{F8CFEC0E-E72E-43B2-B844-B0488DD4B4FF}.CD_ROM|Any CPU.ActiveCfg = Release|x86
		{F8CFEC0E-E72E-43B2-B844-B0488DD4B4FF}.CD_ROM|Mixed Platforms.ActiveCfg = Release|x86
		{F8CFEC0E-E72E-43B2-B844-B0488DD4B4FF}.CD_ROM|Mixed Platforms.Build.0 = Release|x86
		{F8CFEC0E-E72E-43B2-B844-B0488DD4B4FF}.CD_ROM|x86.ActiveCfg = Release|x86
		{F8CFEC0E-E72E-43B2-B844-B0488DD4B4FF}.CD_ROM|x86.Build.0 = Release|x86
		{F8CFEC0E-E72E-43B2-B844-B0488DD4B4FF}.Debug|Any CPU.ActiveCfg = Debug|x86
		{F8CFEC0E-E72E-43B2-B844-B0488DD4B4FF}.Debug|Mixed Platforms.ActiveCfg = Debug|x86
		{F8CFEC0E-E72E-43B2-B844-B0488DD4B4FF}.Debug|Mixed Platforms.Build.0 = Debug|x86
		{F8CFEC0E-E72E-43B2-B844-B0488DD4B4FF}.Debug|x86.ActiveCfg = Debug|x86
		{F8CFEC0E-E72E-43B2-B844-B0488DD4B4FF}.Debug|x86.Build.0 = Debug|x86
		{F8CFEC0E-E72E-43B2-B844-B0488DD4B4FF}.DVD-5|Any CPU.ActiveCfg = Debug|x86
		{F8CFEC0E-E72E-43B2-B844-B0488DD4B4FF}.DVD-5|Mixed Platforms.ActiveCfg = Debug|x86
		{F8CFEC0E-E72E-43B2-B844-B0488DD4B4FF}.DVD-5|Mixed Platforms.Build.0 = Debug|x86
		{F8CFEC0E-E72E-43B2-B844-B0488DD4B4FF}.DVD-5|x86.ActiveCfg = Debug|x86
		{F8CFEC0E-E72E-43B2-B844-B0488DD4B4FF}.DVD-5|x86.Build.0 = Debug|x86
		{F8CFEC0E-E72E-43B2-B844-B0488DD4B4FF}.Release|Any CPU.ActiveCfg = Release|x86
		{F8CFEC0E-E72E-43B2-B844-B0488DD4B4FF}.Release|Mixed Platforms.ActiveCfg = Release|x86
		{F8CFEC0E-E72E-43B2-B844-B0488DD4B4FF}.Release|Mixed Platforms.Build.0 = Release|x86
		{F8CFEC0E-E72E-43B2-B844-B0488DD4B4FF}.Release|x86.ActiveCfg = Release|x86
		{F8CFEC0E-E72E-43B2-B844-B0488DD4B4FF}.Release|x86.Build.0 = Release|x86
		{F8CFEC0E-E72E-43B2-B844-B0488DD4B4FF}.SingleImage|Any CPU.ActiveCfg = Release|x86
		{F8CFEC0E-E72E-43B2-B844-B0488DD4B4FF}.SingleImage|Mixed Platforms.ActiveCfg = Release|x86
		{F8CFEC0E-E72E-43B2-B844-B0488DD4B4FF}.SingleImage|Mixed Platforms.Build.0 = Release|x86
		{F8CFEC0E-E72E-43B2-B844-B0488DD4B4FF}.SingleImage|x86.ActiveCfg = Release|x86
		{F8CFEC0E-E72E-43B2-B844-B0488DD4B4FF}.SingleImage|x86.Build.0 = Release|x86
		{636170B5-5CB4-4DEA-BF06-478F643103EC}.CD_ROM|Any CPU.ActiveCfg = Release|x86
		{636170B5-5CB4-4DEA-BF06-478F643103EC}.CD_ROM|Mixed Platforms.ActiveCfg = Release|x86
		{636170B5-5CB4-4DEA-BF06-478F643103EC}.CD_ROM|x86.ActiveCfg = Release|x86
		{636170B5-5CB4-4DEA-BF06-478F643103EC}.Debug|Any CPU.ActiveCfg = Debug|x86
		{636170B5-5CB4-4DEA-BF06-478F643103EC}.Debug|Mixed Platforms.ActiveCfg = Debug|x86
		{636170B5-5CB4-4DEA-BF06-478F643103EC}.Debug|Mixed Platforms.Build.0 = Debug|x86
		{636170B5-5CB4-4DEA-BF06-478F643103EC}.Debug|x86.ActiveCfg = Debug|x86
		{636170B5-5CB4-4DEA-BF06-478F643103EC}.Debug|x86.Build.0 = Debug|x86
		{636170B5-5CB4-4DEA-BF06-478F643103EC}.DVD-5|Any CPU.ActiveCfg = Debug|x86
		{636170B5-5CB4-4DEA-BF06-478F643103EC}.DVD-5|Mixed Platforms.ActiveCfg = Debug|x86
		{636170B5-5CB4-4DEA-BF06-478F643103EC}.DVD-5|x86.ActiveCfg = Debug|x86
		{636170B5-5CB4-4DEA-BF06-478F643103EC}.Release|Any CPU.ActiveCfg = Release|x86
		{636170B5-5CB4-4DEA-BF06-478F643103EC}.Release|Mixed Platforms.ActiveCfg = Release|x86
		{636170B5-5CB4-4DEA-BF06-478F643103EC}.Release|Mixed Platforms.Build.0 = Release|x86
		{636170B5-5CB4-4DEA-BF06-478F643103EC}.Release|x86.ActiveCfg = Release|x86
		{636170B5-5CB4-4DEA-BF06-478F643103EC}.Release|x86.Build.0 = Release|x86
		{636170B5-5CB4-4DEA-BF06-478F643103EC}.SingleImage|Any CPU.ActiveCfg = Release|x86
		{636170B5-5CB4-4DEA-BF06-478F643103EC}.SingleImage|Mixed Platforms.ActiveCfg = Release|x86
		{636170B5-5CB4-4DEA-BF06-478F643103EC}.SingleImage|x86.ActiveCfg = Release|x86
		{823C966E-D7A0-4147-854D-AD9B5C74288D}.CD_ROM|Any CPU.ActiveCfg = CD_ROM
		{823C966E-D7A0-4147-854D-AD9B5C74288D}.CD_ROM|Any CPU.Build.0 = CD_ROM
		{823C966E-D7A0-4147-854D-AD9B5C74288D}.CD_ROM|Mixed Platforms.ActiveCfg = CD_ROM
		{823C966E-D7A0-4147-854D-AD9B5C74288D}.CD_ROM|Mixed Platforms.Build.0 = CD_ROM
		{823C966E-D7A0-4147-854D-AD9B5C74288D}.CD_ROM|x86.ActiveCfg = CD_ROM
		{823C966E-D7A0-4147-854D-AD9B5C74288D}.CD_ROM|x86.Build.0 = CD_ROM
		{823C966E-D7A0-4147-854D-AD9B5C74288D}.Debug|Any CPU.ActiveCfg = DVD-5
		{823C966E-D7A0-4147-854D-AD9B5C74288D}.Debug|Any CPU.Build.0 = DVD-5
		{823C966E-D7A0-4147-854D-AD9B5C74288D}.Debug|Mixed Platforms.ActiveCfg = DVD-5
		{823C966E-D7A0-4147-854D-AD9B5C74288D}.Debug|Mixed Platforms.Build.0 = DVD-5
		{823C966E-D7A0-4147-854D-AD9B5C74288D}.Debug|x86.ActiveCfg = DVD-5
		{823C966E-D7A0-4147-854D-AD9B5C74288D}.Debug|x86.Build.0 = DVD-5
		{823C966E-D7A0-4147-854D-AD9B5C74288D}.DVD-5|Any CPU.ActiveCfg = DVD-5
		{823C966E-D7A0-4147-854D-AD9B5C74288D}.DVD-5|Any CPU.Build.0 = DVD-5
		{823C966E-D7A0-4147-854D-AD9B5C74288D}.DVD-5|Mixed Platforms.ActiveCfg = DVD-5
		{823C966E-D7A0-4147-854D-AD9B5C74288D}.DVD-5|Mixed Platforms.Build.0 = DVD-5
		{823C966E-D7A0-4147-854D-AD9B5C74288D}.DVD-5|x86.ActiveCfg = DVD-5
		{823C966E-D7A0-4147-854D-AD9B5C74288D}.DVD-5|x86.Build.0 = DVD-5
		{823C966E-D7A0-4147-854D-AD9B5C74288D}.Release|Any CPU.ActiveCfg = SingleImage
		{823C966E-D7A0-4147-854D-AD9B5C74288D}.Release|Any CPU.Build.0 = SingleImage
		{823C966E-D7A0-4147-854D-AD9B5C74288D}.Release|Mixed Platforms.ActiveCfg = SingleImage
		{823C966E-D7A0-4147-854D-AD9B5C74288D}.Release|Mixed Platforms.Build.0 = SingleImage
		{823C966E-D7A0-4147-854D-AD9B5C74288D}.Release|x86.ActiveCfg = SingleImage
		{823C966E-D7A0-4147-854D-AD9B5C74288D}.Release|x86.Build.0 = SingleImage
		{823C966E-D7A0-4147-854D-AD9B5C74288D}.SingleImage|Any CPU.ActiveCfg = SingleImage
		{823C966E-D7A0-4147-854D-AD9B5C74288D}.SingleImage|Any CPU.Build.0 = SingleImage
		{823C966E-D7A0-4147-854D-AD9B5C74288D}.SingleImage|Mixed Platforms.ActiveCfg = SingleImage
		{823C966E-D7A0-4147-854D-AD9B5C74288D}.SingleImage|Mixed Platforms.Build.0 = SingleImage
		{823C966E-D7A0-4147-854D-AD9B5C74288D}.SingleImage|x86.ActiveCfg = SingleImage
		{823C966E-D7A0-4147-854D-AD9B5C74288D}.SingleImage|x86.Build.0 = SingleImage
		{E03995F0-2A6F-41BB-80FF-124D3C65E87A}.CD_ROM|Any CPU.ActiveCfg = Release|Any CPU
		{E03995F0-2A6F-41BB-80FF-124D3C65E87A}.CD_ROM|Any CPU.Build.0 = Release|Any CPU
		{E03995F0-2A6F-41BB-80FF-124D3C65E87A}.CD_ROM|Mixed Platforms.ActiveCfg = Release|Any CPU
		{E03995F0-2A6F-41BB-80FF-124D3C65E87A}.CD_ROM|Mixed Platforms.Build.0 = Release|Any CPU
		{E03995F0-2A6F-41BB-80FF-124D3C65E87A}.CD_ROM|x86.ActiveCfg = Release|Any CPU
		{E03995F0-2A6F-41BB-80FF-124D3C65E87A}.Debug|Any CPU.ActiveCfg = Debug|Any CPU
		{E03995F0-2A6F-41BB-80FF-124D3C65E87A}.Debug|Any CPU.Build.0 = Debug|Any CPU
		{E03995F0-2A6F-41BB-80FF-124D3C65E87A}.Debug|Mixed Platforms.ActiveCfg = Debug|Any CPU
		{E03995F0-2A6F-41BB-80FF-124D3C65E87A}.Debug|Mixed Platforms.Build.0 = Debug|Any CPU
		{E03995F0-2A6F-41BB-80FF-124D3C65E87A}.Debug|x86.ActiveCfg = Debug|Any CPU
		{E03995F0-2A6F-41BB-80FF-124D3C65E87A}.DVD-5|Any CPU.ActiveCfg = Debug|Any CPU
		{E03995F0-2A6F-41BB-80FF-124D3C65E87A}.DVD-5|Any CPU.Build.0 = Debug|Any CPU
		{E03995F0-2A6F-41BB-80FF-124D3C65E87A}.DVD-5|Mixed Platforms.ActiveCfg = Debug|Any CPU
		{E03995F0-2A6F-41BB-80FF-124D3C65E87A}.DVD-5|Mixed Platforms.Build.0 = Debug|Any CPU
		{E03995F0-2A6F-41BB-80FF-124D3C65E87A}.DVD-5|x86.ActiveCfg = Debug|Any CPU
		{E03995F0-2A6F-41BB-80FF-124D3C65E87A}.Release|Any CPU.ActiveCfg = Release|Any CPU
		{E03995F0-2A6F-41BB-80FF-124D3C65E87A}.Release|Any CPU.Build.0 = Release|Any CPU
		{E03995F0-2A6F-41BB-80FF-124D3C65E87A}.Release|Mixed Platforms.ActiveCfg = Release|Any CPU
		{E03995F0-2A6F-41BB-80FF-124D3C65E87A}.Release|Mixed Platforms.Build.0 = Release|Any CPU
		{E03995F0-2A6F-41BB-80FF-124D3C65E87A}.Release|x86.ActiveCfg = Release|Any CPU
		{E03995F0-2A6F-41BB-80FF-124D3C65E87A}.SingleImage|Any CPU.ActiveCfg = Release|Any CPU
		{E03995F0-2A6F-41BB-80FF-124D3C65E87A}.SingleImage|Any CPU.Build.0 = Release|Any CPU
		{E03995F0-2A6F-41BB-80FF-124D3C65E87A}.SingleImage|Mixed Platforms.ActiveCfg = Release|Any CPU
		{E03995F0-2A6F-41BB-80FF-124D3C65E87A}.SingleImage|Mixed Platforms.Build.0 = Release|Any CPU
		{E03995F0-2A6F-41BB-80FF-124D3C65E87A}.SingleImage|x86.ActiveCfg = Release|Any CPU
		{4DDB35C5-7E6A-463B-B670-B3C770C394CB}.CD_ROM|Any CPU.ActiveCfg = Release|Any CPU
		{4DDB35C5-7E6A-463B-B670-B3C770C394CB}.CD_ROM|Any CPU.Build.0 = Release|Any CPU
		{4DDB35C5-7E6A-463B-B670-B3C770C394CB}.CD_ROM|Mixed Platforms.ActiveCfg = Release|Any CPU
		{4DDB35C5-7E6A-463B-B670-B3C770C394CB}.CD_ROM|Mixed Platforms.Build.0 = Release|Any CPU
		{4DDB35C5-7E6A-463B-B670-B3C770C394CB}.CD_ROM|x86.ActiveCfg = Release|Any CPU
		{4DDB35C5-7E6A-463B-B670-B3C770C394CB}.Debug|Any CPU.ActiveCfg = Debug|Any CPU
		{4DDB35C5-7E6A-463B-B670-B3C770C394CB}.Debug|Any CPU.Build.0 = Debug|Any CPU
		{4DDB35C5-7E6A-463B-B670-B3C770C394CB}.Debug|Mixed Platforms.ActiveCfg = Debug|Any CPU
		{4DDB35C5-7E6A-463B-B670-B3C770C394CB}.Debug|Mixed Platforms.Build.0 = Debug|Any CPU
		{4DDB35C5-7E6A-463B-B670-B3C770C394CB}.Debug|x86.ActiveCfg = Debug|Any CPU
		{4DDB35C5-7E6A-463B-B670-B3C770C394CB}.DVD-5|Any CPU.ActiveCfg = Debug|Any CPU
		{4DDB35C5-7E6A-463B-B670-B3C770C394CB}.DVD-5|Any CPU.Build.0 = Debug|Any CPU
		{4DDB35C5-7E6A-463B-B670-B3C770C394CB}.DVD-5|Mixed Platforms.ActiveCfg = Debug|Any CPU
		{4DDB35C5-7E6A-463B-B670-B3C770C394CB}.DVD-5|Mixed Platforms.Build.0 = Debug|Any CPU
		{4DDB35C5-7E6A-463B-B670-B3C770C394CB}.DVD-5|x86.ActiveCfg = Debug|Any CPU
		{4DDB35C5-7E6A-463B-B670-B3C770C394CB}.Release|Any CPU.ActiveCfg = Release|Any CPU
		{4DDB35C5-7E6A-463B-B670-B3C770C394CB}.Release|Any CPU.Build.0 = Release|Any CPU
		{4DDB35C5-7E6A-463B-B670-B3C770C394CB}.Release|Mixed Platforms.ActiveCfg = Release|Any CPU
		{4DDB35C5-7E6A-463B-B670-B3C770C394CB}.Release|Mixed Platforms.Build.0 = Release|Any CPU
		{4DDB35C5-7E6A-463B-B670-B3C770C394CB}.Release|x86.ActiveCfg = Release|Any CPU
		{4DDB35C5-7E6A-463B-B670-B3C770C394CB}.SingleImage|Any CPU.ActiveCfg = Release|Any CPU
		{4DDB35C5-7E6A-463B-B670-B3C770C394CB}.SingleImage|Any CPU.Build.0 = Release|Any CPU
		{4DDB35C5-7E6A-463B-B670-B3C770C394CB}.SingleImage|Mixed Platforms.ActiveCfg = Release|Any CPU
		{4DDB35C5-7E6A-463B-B670-B3C770C394CB}.SingleImage|Mixed Platforms.Build.0 = Release|Any CPU
		{4DDB35C5-7E6A-463B-B670-B3C770C394CB}.SingleImage|x86.ActiveCfg = Release|Any CPU
		{922D2CD4-02E3-4312-BE94-CE26858C0FB9}.CD_ROM|Any CPU.ActiveCfg = Release|Any CPU
		{922D2CD4-02E3-4312-BE94-CE26858C0FB9}.CD_ROM|Any CPU.Build.0 = Release|Any CPU
		{922D2CD4-02E3-4312-BE94-CE26858C0FB9}.CD_ROM|Mixed Platforms.ActiveCfg = Release|Any CPU
		{922D2CD4-02E3-4312-BE94-CE26858C0FB9}.CD_ROM|Mixed Platforms.Build.0 = Release|Any CPU
		{922D2CD4-02E3-4312-BE94-CE26858C0FB9}.CD_ROM|x86.ActiveCfg = Release|Any CPU
		{922D2CD4-02E3-4312-BE94-CE26858C0FB9}.Debug|Any CPU.ActiveCfg = Debug|Any CPU
		{922D2CD4-02E3-4312-BE94-CE26858C0FB9}.Debug|Any CPU.Build.0 = Debug|Any CPU
		{922D2CD4-02E3-4312-BE94-CE26858C0FB9}.Debug|Mixed Platforms.ActiveCfg = Debug|Any CPU
		{922D2CD4-02E3-4312-BE94-CE26858C0FB9}.Debug|Mixed Platforms.Build.0 = Debug|Any CPU
		{922D2CD4-02E3-4312-BE94-CE26858C0FB9}.Debug|x86.ActiveCfg = Debug|Any CPU
		{922D2CD4-02E3-4312-BE94-CE26858C0FB9}.DVD-5|Any CPU.ActiveCfg = Debug|Any CPU
		{922D2CD4-02E3-4312-BE94-CE26858C0FB9}.DVD-5|Any CPU.Build.0 = Debug|Any CPU
		{922D2CD4-02E3-4312-BE94-CE26858C0FB9}.DVD-5|Mixed Platforms.ActiveCfg = Debug|Any CPU
		{922D2CD4-02E3-4312-BE94-CE26858C0FB9}.DVD-5|Mixed Platforms.Build.0 = Debug|Any CPU
		{922D2CD4-02E3-4312-BE94-CE26858C0FB9}.DVD-5|x86.ActiveCfg = Debug|Any CPU
		{922D2CD4-02E3-4312-BE94-CE26858C0FB9}.Release|Any CPU.ActiveCfg = Release|Any CPU
		{922D2CD4-02E3-4312-BE94-CE26858C0FB9}.Release|Any CPU.Build.0 = Release|Any CPU
		{922D2CD4-02E3-4312-BE94-CE26858C0FB9}.Release|Mixed Platforms.ActiveCfg = Release|Any CPU
		{922D2CD4-02E3-4312-BE94-CE26858C0FB9}.Release|Mixed Platforms.Build.0 = Release|Any CPU
		{922D2CD4-02E3-4312-BE94-CE26858C0FB9}.Release|x86.ActiveCfg = Release|Any CPU
		{922D2CD4-02E3-4312-BE94-CE26858C0FB9}.SingleImage|Any CPU.ActiveCfg = Release|Any CPU
		{922D2CD4-02E3-4312-BE94-CE26858C0FB9}.SingleImage|Any CPU.Build.0 = Release|Any CPU
		{922D2CD4-02E3-4312-BE94-CE26858C0FB9}.SingleImage|Mixed Platforms.ActiveCfg = Release|Any CPU
		{922D2CD4-02E3-4312-BE94-CE26858C0FB9}.SingleImage|Mixed Platforms.Build.0 = Release|Any CPU
		{922D2CD4-02E3-4312-BE94-CE26858C0FB9}.SingleImage|x86.ActiveCfg = Release|Any CPU
		{A75E4375-234F-4F9B-9A30-EFF779FA4DFF}.CD_ROM|Any CPU.ActiveCfg = Release|Any CPU
		{A75E4375-234F-4F9B-9A30-EFF779FA4DFF}.CD_ROM|Any CPU.Build.0 = Release|Any CPU
		{A75E4375-234F-4F9B-9A30-EFF779FA4DFF}.CD_ROM|Mixed Platforms.ActiveCfg = Release|Any CPU
		{A75E4375-234F-4F9B-9A30-EFF779FA4DFF}.CD_ROM|Mixed Platforms.Build.0 = Release|Any CPU
		{A75E4375-234F-4F9B-9A30-EFF779FA4DFF}.CD_ROM|x86.ActiveCfg = Release|Any CPU
		{A75E4375-234F-4F9B-9A30-EFF779FA4DFF}.Debug|Any CPU.ActiveCfg = Debug|Any CPU
		{A75E4375-234F-4F9B-9A30-EFF779FA4DFF}.Debug|Any CPU.Build.0 = Debug|Any CPU
		{A75E4375-234F-4F9B-9A30-EFF779FA4DFF}.Debug|Mixed Platforms.ActiveCfg = Debug|Any CPU
		{A75E4375-234F-4F9B-9A30-EFF779FA4DFF}.Debug|Mixed Platforms.Build.0 = Debug|Any CPU
		{A75E4375-234F-4F9B-9A30-EFF779FA4DFF}.Debug|x86.ActiveCfg = Debug|Any CPU
		{A75E4375-234F-4F9B-9A30-EFF779FA4DFF}.DVD-5|Any CPU.ActiveCfg = Debug|Any CPU
		{A75E4375-234F-4F9B-9A30-EFF779FA4DFF}.DVD-5|Any CPU.Build.0 = Debug|Any CPU
		{A75E4375-234F-4F9B-9A30-EFF779FA4DFF}.DVD-5|Mixed Platforms.ActiveCfg = Debug|Any CPU
		{A75E4375-234F-4F9B-9A30-EFF779FA4DFF}.DVD-5|Mixed Platforms.Build.0 = Debug|Any CPU
		{A75E4375-234F-4F9B-9A30-EFF779FA4DFF}.DVD-5|x86.ActiveCfg = Debug|Any CPU
		{A75E4375-234F-4F9B-9A30-EFF779FA4DFF}.Release|Any CPU.ActiveCfg = Release|Any CPU
		{A75E4375-234F-4F9B-9A30-EFF779FA4DFF}.Release|Any CPU.Build.0 = Release|Any CPU
		{A75E4375-234F-4F9B-9A30-EFF779FA4DFF}.Release|Mixed Platforms.ActiveCfg = Release|Any CPU
		{A75E4375-234F-4F9B-9A30-EFF779FA4DFF}.Release|Mixed Platforms.Build.0 = Release|Any CPU
		{A75E4375-234F-4F9B-9A30-EFF779FA4DFF}.Release|x86.ActiveCfg = Release|Any CPU
		{A75E4375-234F-4F9B-9A30-EFF779FA4DFF}.SingleImage|Any CPU.ActiveCfg = Release|Any CPU
		{A75E4375-234F-4F9B-9A30-EFF779FA4DFF}.SingleImage|Any CPU.Build.0 = Release|Any CPU
		{A75E4375-234F-4F9B-9A30-EFF779FA4DFF}.SingleImage|Mixed Platforms.ActiveCfg = Release|Any CPU
		{A75E4375-234F-4F9B-9A30-EFF779FA4DFF}.SingleImage|Mixed Platforms.Build.0 = Release|Any CPU
		{A75E4375-234F-4F9B-9A30-EFF779FA4DFF}.SingleImage|x86.ActiveCfg = Release|Any CPU
		{C2E3F4CC-E15D-4970-B433-EB712E30071F}.CD_ROM|Any CPU.ActiveCfg = Release|Any CPU
		{C2E3F4CC-E15D-4970-B433-EB712E30071F}.CD_ROM|Any CPU.Build.0 = Release|Any CPU
		{C2E3F4CC-E15D-4970-B433-EB712E30071F}.CD_ROM|Mixed Platforms.ActiveCfg = Release|Any CPU
		{C2E3F4CC-E15D-4970-B433-EB712E30071F}.CD_ROM|Mixed Platforms.Build.0 = Release|Any CPU
		{C2E3F4CC-E15D-4970-B433-EB712E30071F}.CD_ROM|x86.ActiveCfg = Release|Any CPU
		{C2E3F4CC-E15D-4970-B433-EB712E30071F}.Debug|Any CPU.ActiveCfg = Debug|Any CPU
		{C2E3F4CC-E15D-4970-B433-EB712E30071F}.Debug|Any CPU.Build.0 = Debug|Any CPU
		{C2E3F4CC-E15D-4970-B433-EB712E30071F}.Debug|Mixed Platforms.ActiveCfg = Debug|Any CPU
		{C2E3F4CC-E15D-4970-B433-EB712E30071F}.Debug|Mixed Platforms.Build.0 = Debug|Any CPU
		{C2E3F4CC-E15D-4970-B433-EB712E30071F}.Debug|x86.ActiveCfg = Debug|Any CPU
		{C2E3F4CC-E15D-4970-B433-EB712E30071F}.DVD-5|Any CPU.ActiveCfg = Debug|Any CPU
		{C2E3F4CC-E15D-4970-B433-EB712E30071F}.DVD-5|Any CPU.Build.0 = Debug|Any CPU
		{C2E3F4CC-E15D-4970-B433-EB712E30071F}.DVD-5|Mixed Platforms.ActiveCfg = Debug|Any CPU
		{C2E3F4CC-E15D-4970-B433-EB712E30071F}.DVD-5|Mixed Platforms.Build.0 = Debug|Any CPU
		{C2E3F4CC-E15D-4970-B433-EB712E30071F}.DVD-5|x86.ActiveCfg = Debug|Any CPU
		{C2E3F4CC-E15D-4970-B433-EB712E30071F}.Release|Any CPU.ActiveCfg = Release|Any CPU
		{C2E3F4CC-E15D-4970-B433-EB712E30071F}.Release|Any CPU.Build.0 = Release|Any CPU
		{C2E3F4CC-E15D-4970-B433-EB712E30071F}.Release|Mixed Platforms.ActiveCfg = Release|Any CPU
		{C2E3F4CC-E15D-4970-B433-EB712E30071F}.Release|Mixed Platforms.Build.0 = Release|Any CPU
		{C2E3F4CC-E15D-4970-B433-EB712E30071F}.Release|x86.ActiveCfg = Release|Any CPU
		{C2E3F4CC-E15D-4970-B433-EB712E30071F}.SingleImage|Any CPU.ActiveCfg = Release|Any CPU
		{C2E3F4CC-E15D-4970-B433-EB712E30071F}.SingleImage|Any CPU.Build.0 = Release|Any CPU
		{C2E3F4CC-E15D-4970-B433-EB712E30071F}.SingleImage|Mixed Platforms.ActiveCfg = Release|Any CPU
		{C2E3F4CC-E15D-4970-B433-EB712E30071F}.SingleImage|Mixed Platforms.Build.0 = Release|Any CPU
		{C2E3F4CC-E15D-4970-B433-EB712E30071F}.SingleImage|x86.ActiveCfg = Release|Any CPU
		{AE551004-617F-4A08-A856-8D92A5C448AC}.CD_ROM|Any CPU.ActiveCfg = Release|Any CPU
		{AE551004-617F-4A08-A856-8D92A5C448AC}.CD_ROM|Any CPU.Build.0 = Release|Any CPU
		{AE551004-617F-4A08-A856-8D92A5C448AC}.CD_ROM|Mixed Platforms.ActiveCfg = Release|Any CPU
		{AE551004-617F-4A08-A856-8D92A5C448AC}.CD_ROM|Mixed Platforms.Build.0 = Release|Any CPU
		{AE551004-617F-4A08-A856-8D92A5C448AC}.CD_ROM|x86.ActiveCfg = Release|Any CPU
		{AE551004-617F-4A08-A856-8D92A5C448AC}.Debug|Any CPU.ActiveCfg = Debug|Any CPU
		{AE551004-617F-4A08-A856-8D92A5C448AC}.Debug|Any CPU.Build.0 = Debug|Any CPU
		{AE551004-617F-4A08-A856-8D92A5C448AC}.Debug|Mixed Platforms.ActiveCfg = Debug|Any CPU
		{AE551004-617F-4A08-A856-8D92A5C448AC}.Debug|Mixed Platforms.Build.0 = Debug|Any CPU
		{AE551004-617F-4A08-A856-8D92A5C448AC}.Debug|x86.ActiveCfg = Debug|Any CPU
		{AE551004-617F-4A08-A856-8D92A5C448AC}.DVD-5|Any CPU.ActiveCfg = Debug|Any CPU
		{AE551004-617F-4A08-A856-8D92A5C448AC}.DVD-5|Any CPU.Build.0 = Debug|Any CPU
		{AE551004-617F-4A08-A856-8D92A5C448AC}.DVD-5|Mixed Platforms.ActiveCfg = Debug|Any CPU
		{AE551004-617F-4A08-A856-8D92A5C448AC}.DVD-5|Mixed Platforms.Build.0 = Debug|Any CPU
		{AE551004-617F-4A08-A856-8D92A5C448AC}.DVD-5|x86.ActiveCfg = Debug|Any CPU
		{AE551004-617F-4A08-A856-8D92A5C448AC}.Release|Any CPU.ActiveCfg = Release|Any CPU
		{AE551004-617F-4A08-A856-8D92A5C448AC}.Release|Any CPU.Build.0 = Release|Any CPU
		{AE551004-617F-4A08-A856-8D92A5C448AC}.Release|Mixed Platforms.ActiveCfg = Release|Any CPU
		{AE551004-617F-4A08-A856-8D92A5C448AC}.Release|Mixed Platforms.Build.0 = Release|Any CPU
		{AE551004-617F-4A08-A856-8D92A5C448AC}.Release|x86.ActiveCfg = Release|Any CPU
		{AE551004-617F-4A08-A856-8D92A5C448AC}.SingleImage|Any CPU.ActiveCfg = Release|Any CPU
		{AE551004-617F-4A08-A856-8D92A5C448AC}.SingleImage|Any CPU.Build.0 = Release|Any CPU
		{AE551004-617F-4A08-A856-8D92A5C448AC}.SingleImage|Mixed Platforms.ActiveCfg = Release|Any CPU
		{AE551004-617F-4A08-A856-8D92A5C448AC}.SingleImage|Mixed Platforms.Build.0 = Release|Any CPU
		{AE551004-617F-4A08-A856-8D92A5C448AC}.SingleImage|x86.ActiveCfg = Release|Any CPU
		{32530983-CDBB-47FD-A43B-2FC28F5B6D16}.CD_ROM|Any CPU.ActiveCfg = Release|Any CPU
		{32530983-CDBB-47FD-A43B-2FC28F5B6D16}.CD_ROM|Any CPU.Build.0 = Release|Any CPU
		{32530983-CDBB-47FD-A43B-2FC28F5B6D16}.CD_ROM|Mixed Platforms.ActiveCfg = Release|Any CPU
		{32530983-CDBB-47FD-A43B-2FC28F5B6D16}.CD_ROM|Mixed Platforms.Build.0 = Release|Any CPU
		{32530983-CDBB-47FD-A43B-2FC28F5B6D16}.CD_ROM|x86.ActiveCfg = Release|Any CPU
		{32530983-CDBB-47FD-A43B-2FC28F5B6D16}.Debug|Any CPU.ActiveCfg = Debug|Any CPU
		{32530983-CDBB-47FD-A43B-2FC28F5B6D16}.Debug|Any CPU.Build.0 = Debug|Any CPU
		{32530983-CDBB-47FD-A43B-2FC28F5B6D16}.Debug|Mixed Platforms.ActiveCfg = Debug|Any CPU
		{32530983-CDBB-47FD-A43B-2FC28F5B6D16}.Debug|Mixed Platforms.Build.0 = Debug|Any CPU
		{32530983-CDBB-47FD-A43B-2FC28F5B6D16}.Debug|x86.ActiveCfg = Debug|Any CPU
		{32530983-CDBB-47FD-A43B-2FC28F5B6D16}.DVD-5|Any CPU.ActiveCfg = Debug|Any CPU
		{32530983-CDBB-47FD-A43B-2FC28F5B6D16}.DVD-5|Any CPU.Build.0 = Debug|Any CPU
		{32530983-CDBB-47FD-A43B-2FC28F5B6D16}.DVD-5|Mixed Platforms.ActiveCfg = Debug|Any CPU
		{32530983-CDBB-47FD-A43B-2FC28F5B6D16}.DVD-5|Mixed Platforms.Build.0 = Debug|Any CPU
		{32530983-CDBB-47FD-A43B-2FC28F5B6D16}.DVD-5|x86.ActiveCfg = Debug|Any CPU
		{32530983-CDBB-47FD-A43B-2FC28F5B6D16}.Release|Any CPU.ActiveCfg = Release|Any CPU
		{32530983-CDBB-47FD-A43B-2FC28F5B6D16}.Release|Any CPU.Build.0 = Release|Any CPU
		{32530983-CDBB-47FD-A43B-2FC28F5B6D16}.Release|Mixed Platforms.ActiveCfg = Release|Any CPU
		{32530983-CDBB-47FD-A43B-2FC28F5B6D16}.Release|Mixed Platforms.Build.0 = Release|Any CPU
		{32530983-CDBB-47FD-A43B-2FC28F5B6D16}.Release|x86.ActiveCfg = Release|Any CPU
		{32530983-CDBB-47FD-A43B-2FC28F5B6D16}.SingleImage|Any CPU.ActiveCfg = Release|Any CPU
		{32530983-CDBB-47FD-A43B-2FC28F5B6D16}.SingleImage|Any CPU.Build.0 = Release|Any CPU
		{32530983-CDBB-47FD-A43B-2FC28F5B6D16}.SingleImage|Mixed Platforms.ActiveCfg = Release|Any CPU
		{32530983-CDBB-47FD-A43B-2FC28F5B6D16}.SingleImage|Mixed Platforms.Build.0 = Release|Any CPU
		{32530983-CDBB-47FD-A43B-2FC28F5B6D16}.SingleImage|x86.ActiveCfg = Release|Any CPU
		{0664A92D-1A04-4814-94C6-806982A1B44A}.CD_ROM|Any CPU.ActiveCfg = Release|Any CPU
		{0664A92D-1A04-4814-94C6-806982A1B44A}.CD_ROM|Any CPU.Build.0 = Release|Any CPU
		{0664A92D-1A04-4814-94C6-806982A1B44A}.CD_ROM|Mixed Platforms.ActiveCfg = Release|Any CPU
		{0664A92D-1A04-4814-94C6-806982A1B44A}.CD_ROM|Mixed Platforms.Build.0 = Release|Any CPU
		{0664A92D-1A04-4814-94C6-806982A1B44A}.CD_ROM|x86.ActiveCfg = Release|Any CPU
		{0664A92D-1A04-4814-94C6-806982A1B44A}.Debug|Any CPU.ActiveCfg = Debug|Any CPU
		{0664A92D-1A04-4814-94C6-806982A1B44A}.Debug|Any CPU.Build.0 = Debug|Any CPU
		{0664A92D-1A04-4814-94C6-806982A1B44A}.Debug|Mixed Platforms.ActiveCfg = Debug|Any CPU
		{0664A92D-1A04-4814-94C6-806982A1B44A}.Debug|Mixed Platforms.Build.0 = Debug|Any CPU
		{0664A92D-1A04-4814-94C6-806982A1B44A}.Debug|x86.ActiveCfg = Debug|Any CPU
		{0664A92D-1A04-4814-94C6-806982A1B44A}.DVD-5|Any CPU.ActiveCfg = Debug|Any CPU
		{0664A92D-1A04-4814-94C6-806982A1B44A}.DVD-5|Any CPU.Build.0 = Debug|Any CPU
		{0664A92D-1A04-4814-94C6-806982A1B44A}.DVD-5|Mixed Platforms.ActiveCfg = Debug|Any CPU
		{0664A92D-1A04-4814-94C6-806982A1B44A}.DVD-5|Mixed Platforms.Build.0 = Debug|Any CPU
		{0664A92D-1A04-4814-94C6-806982A1B44A}.DVD-5|x86.ActiveCfg = Debug|Any CPU
		{0664A92D-1A04-4814-94C6-806982A1B44A}.Release|Any CPU.ActiveCfg = Release|Any CPU
		{0664A92D-1A04-4814-94C6-806982A1B44A}.Release|Any CPU.Build.0 = Release|Any CPU
		{0664A92D-1A04-4814-94C6-806982A1B44A}.Release|Mixed Platforms.ActiveCfg = Release|Any CPU
		{0664A92D-1A04-4814-94C6-806982A1B44A}.Release|Mixed Platforms.Build.0 = Release|Any CPU
		{0664A92D-1A04-4814-94C6-806982A1B44A}.Release|x86.ActiveCfg = Release|Any CPU
		{0664A92D-1A04-4814-94C6-806982A1B44A}.SingleImage|Any CPU.ActiveCfg = Release|Any CPU
		{0664A92D-1A04-4814-94C6-806982A1B44A}.SingleImage|Any CPU.Build.0 = Release|Any CPU
		{0664A92D-1A04-4814-94C6-806982A1B44A}.SingleImage|Mixed Platforms.ActiveCfg = Release|Any CPU
		{0664A92D-1A04-4814-94C6-806982A1B44A}.SingleImage|Mixed Platforms.Build.0 = Release|Any CPU
		{0664A92D-1A04-4814-94C6-806982A1B44A}.SingleImage|x86.ActiveCfg = Release|Any CPU
		{35FBC926-E689-404F-B9CC-F0C1260F3AAB}.CD_ROM|Any CPU.ActiveCfg = Release|Any CPU
		{35FBC926-E689-404F-B9CC-F0C1260F3AAB}.CD_ROM|Any CPU.Build.0 = Release|Any CPU
		{35FBC926-E689-404F-B9CC-F0C1260F3AAB}.CD_ROM|Mixed Platforms.ActiveCfg = Release|Any CPU
		{35FBC926-E689-404F-B9CC-F0C1260F3AAB}.CD_ROM|Mixed Platforms.Build.0 = Release|Any CPU
		{35FBC926-E689-404F-B9CC-F0C1260F3AAB}.CD_ROM|x86.ActiveCfg = Release|Any CPU
		{35FBC926-E689-404F-B9CC-F0C1260F3AAB}.Debug|Any CPU.ActiveCfg = Debug|Any CPU
		{35FBC926-E689-404F-B9CC-F0C1260F3AAB}.Debug|Any CPU.Build.0 = Debug|Any CPU
		{35FBC926-E689-404F-B9CC-F0C1260F3AAB}.Debug|Mixed Platforms.ActiveCfg = Debug|Any CPU
		{35FBC926-E689-404F-B9CC-F0C1260F3AAB}.Debug|Mixed Platforms.Build.0 = Debug|Any CPU
		{35FBC926-E689-404F-B9CC-F0C1260F3AAB}.Debug|x86.ActiveCfg = Debug|Any CPU
		{35FBC926-E689-404F-B9CC-F0C1260F3AAB}.DVD-5|Any CPU.ActiveCfg = Debug|Any CPU
		{35FBC926-E689-404F-B9CC-F0C1260F3AAB}.DVD-5|Any CPU.Build.0 = Debug|Any CPU
		{35FBC926-E689-404F-B9CC-F0C1260F3AAB}.DVD-5|Mixed Platforms.ActiveCfg = Debug|Any CPU
		{35FBC926-E689-404F-B9CC-F0C1260F3AAB}.DVD-5|Mixed Platforms.Build.0 = Debug|Any CPU
		{35FBC926-E689-404F-B9CC-F0C1260F3AAB}.DVD-5|x86.ActiveCfg = Debug|Any CPU
		{35FBC926-E689-404F-B9CC-F0C1260F3AAB}.Release|Any CPU.ActiveCfg = Release|Any CPU
		{35FBC926-E689-404F-B9CC-F0C1260F3AAB}.Release|Any CPU.Build.0 = Release|Any CPU
		{35FBC926-E689-404F-B9CC-F0C1260F3AAB}.Release|Mixed Platforms.ActiveCfg = Release|Any CPU
		{35FBC926-E689-404F-B9CC-F0C1260F3AAB}.Release|Mixed Platforms.Build.0 = Release|Any CPU
		{35FBC926-E689-404F-B9CC-F0C1260F3AAB}.Release|x86.ActiveCfg = Release|Any CPU
		{35FBC926-E689-404F-B9CC-F0C1260F3AAB}.SingleImage|Any CPU.ActiveCfg = Release|Any CPU
		{35FBC926-E689-404F-B9CC-F0C1260F3AAB}.SingleImage|Any CPU.Build.0 = Release|Any CPU
		{35FBC926-E689-404F-B9CC-F0C1260F3AAB}.SingleImage|Mixed Platforms.ActiveCfg = Release|Any CPU
		{35FBC926-E689-404F-B9CC-F0C1260F3AAB}.SingleImage|Mixed Platforms.Build.0 = Release|Any CPU
		{35FBC926-E689-404F-B9CC-F0C1260F3AAB}.SingleImage|x86.ActiveCfg = Release|Any CPU
		{F580095E-281E-4126-9925-C31FB2341EFB}.CD_ROM|Any CPU.ActiveCfg = Release|Any CPU
		{F580095E-281E-4126-9925-C31FB2341EFB}.CD_ROM|Any CPU.Build.0 = Release|Any CPU
		{F580095E-281E-4126-9925-C31FB2341EFB}.CD_ROM|Mixed Platforms.ActiveCfg = Release|Any CPU
		{F580095E-281E-4126-9925-C31FB2341EFB}.CD_ROM|Mixed Platforms.Build.0 = Release|Any CPU
		{F580095E-281E-4126-9925-C31FB2341EFB}.CD_ROM|x86.ActiveCfg = Release|Any CPU
		{F580095E-281E-4126-9925-C31FB2341EFB}.Debug|Any CPU.ActiveCfg = Debug|Any CPU
		{F580095E-281E-4126-9925-C31FB2341EFB}.Debug|Any CPU.Build.0 = Debug|Any CPU
		{F580095E-281E-4126-9925-C31FB2341EFB}.Debug|Mixed Platforms.ActiveCfg = Debug|Any CPU
		{F580095E-281E-4126-9925-C31FB2341EFB}.Debug|Mixed Platforms.Build.0 = Debug|Any CPU
		{F580095E-281E-4126-9925-C31FB2341EFB}.Debug|x86.ActiveCfg = Debug|Any CPU
		{F580095E-281E-4126-9925-C31FB2341EFB}.DVD-5|Any CPU.ActiveCfg = Debug|Any CPU
		{F580095E-281E-4126-9925-C31FB2341EFB}.DVD-5|Any CPU.Build.0 = Debug|Any CPU
		{F580095E-281E-4126-9925-C31FB2341EFB}.DVD-5|Mixed Platforms.ActiveCfg = Debug|Any CPU
		{F580095E-281E-4126-9925-C31FB2341EFB}.DVD-5|Mixed Platforms.Build.0 = Debug|Any CPU
		{F580095E-281E-4126-9925-C31FB2341EFB}.DVD-5|x86.ActiveCfg = Debug|Any CPU
		{F580095E-281E-4126-9925-C31FB2341EFB}.Release|Any CPU.ActiveCfg = Release|Any CPU
		{F580095E-281E-4126-9925-C31FB2341EFB}.Release|Any CPU.Build.0 = Release|Any CPU
		{F580095E-281E-4126-9925-C31FB2341EFB}.Release|Mixed Platforms.ActiveCfg = Release|Any CPU
		{F580095E-281E-4126-9925-C31FB2341EFB}.Release|Mixed Platforms.Build.0 = Release|Any CPU
		{F580095E-281E-4126-9925-C31FB2341EFB}.Release|x86.ActiveCfg = Release|Any CPU
		{F580095E-281E-4126-9925-C31FB2341EFB}.SingleImage|Any CPU.ActiveCfg = Release|Any CPU
		{F580095E-281E-4126-9925-C31FB2341EFB}.SingleImage|Any CPU.Build.0 = Release|Any CPU
		{F580095E-281E-4126-9925-C31FB2341EFB}.SingleImage|Mixed Platforms.ActiveCfg = Release|Any CPU
		{F580095E-281E-4126-9925-C31FB2341EFB}.SingleImage|Mixed Platforms.Build.0 = Release|Any CPU
		{F580095E-281E-4126-9925-C31FB2341EFB}.SingleImage|x86.ActiveCfg = Release|Any CPU
		{B5B59857-825F-489C-8861-4E42AE73FC81}.CD_ROM|Any CPU.ActiveCfg = Release|Any CPU
		{B5B59857-825F-489C-8861-4E42AE73FC81}.CD_ROM|Any CPU.Build.0 = Release|Any CPU
		{B5B59857-825F-489C-8861-4E42AE73FC81}.CD_ROM|Mixed Platforms.ActiveCfg = Release|Any CPU
		{B5B59857-825F-489C-8861-4E42AE73FC81}.CD_ROM|Mixed Platforms.Build.0 = Release|Any CPU
		{B5B59857-825F-489C-8861-4E42AE73FC81}.CD_ROM|x86.ActiveCfg = Release|Any CPU
		{B5B59857-825F-489C-8861-4E42AE73FC81}.Debug|Any CPU.ActiveCfg = Debug|Any CPU
		{B5B59857-825F-489C-8861-4E42AE73FC81}.Debug|Any CPU.Build.0 = Debug|Any CPU
		{B5B59857-825F-489C-8861-4E42AE73FC81}.Debug|Mixed Platforms.ActiveCfg = Debug|Any CPU
		{B5B59857-825F-489C-8861-4E42AE73FC81}.Debug|Mixed Platforms.Build.0 = Debug|Any CPU
		{B5B59857-825F-489C-8861-4E42AE73FC81}.Debug|x86.ActiveCfg = Debug|Any CPU
		{B5B59857-825F-489C-8861-4E42AE73FC81}.DVD-5|Any CPU.ActiveCfg = Debug|Any CPU
		{B5B59857-825F-489C-8861-4E42AE73FC81}.DVD-5|Any CPU.Build.0 = Debug|Any CPU
		{B5B59857-825F-489C-8861-4E42AE73FC81}.DVD-5|Mixed Platforms.ActiveCfg = Debug|Any CPU
		{B5B59857-825F-489C-8861-4E42AE73FC81}.DVD-5|Mixed Platforms.Build.0 = Debug|Any CPU
		{B5B59857-825F-489C-8861-4E42AE73FC81}.DVD-5|x86.ActiveCfg = Debug|Any CPU
		{B5B59857-825F-489C-8861-4E42AE73FC81}.Release|Any CPU.ActiveCfg = Release|Any CPU
		{B5B59857-825F-489C-8861-4E42AE73FC81}.Release|Any CPU.Build.0 = Release|Any CPU
		{B5B59857-825F-489C-8861-4E42AE73FC81}.Release|Mixed Platforms.ActiveCfg = Release|Any CPU
		{B5B59857-825F-489C-8861-4E42AE73FC81}.Release|Mixed Platforms.Build.0 = Release|Any CPU
		{B5B59857-825F-489C-8861-4E42AE73FC81}.Release|x86.ActiveCfg = Release|Any CPU
		{B5B59857-825F-489C-8861-4E42AE73FC81}.SingleImage|Any CPU.ActiveCfg = Release|Any CPU
		{B5B59857-825F-489C-8861-4E42AE73FC81}.SingleImage|Any CPU.Build.0 = Release|Any CPU
		{B5B59857-825F-489C-8861-4E42AE73FC81}.SingleImage|Mixed Platforms.ActiveCfg = Release|Any CPU
		{B5B59857-825F-489C-8861-4E42AE73FC81}.SingleImage|Mixed Platforms.Build.0 = Release|Any CPU
		{B5B59857-825F-489C-8861-4E42AE73FC81}.SingleImage|x86.ActiveCfg = Release|Any CPU
	EndGlobalSection
	GlobalSection(SolutionProperties) = preSolution
		HideSolutionNode = FALSE
	EndGlobalSection
	GlobalSection(SubversionScc) = preSolution
		Svn-Managed = True
		Manager = AnkhSVN - Subversion Support for Visual Studio
	EndGlobalSection
EndGlobal
